
Microsoft Visual Studio Solution File, Format Version 12.00
# Visual Studio Version 17
VisualStudioVersion = 17.3.32929.385
MinimumVisualStudioVersion = 10.0.40219.1
Project("{9A19103F-16F7-4668-BE54-9A1E7A4F7556}") = "ConfigurationSaver-API", "ConfigurationSaver-API.csproj", "{267F5EAD-84B5-4780-A8F7-68AFDEACE80B}"
EndProject
Project("{FAE04EC0-301F-11D3-BF4B-00C04F79EFBC}") = "ConfigurationSaver.Tests", "..\ConfigurationSaver.Tests\ConfigurationSaver.Tests.csproj", "{9F962392-F05B-4BA7-B7D7-83F239B66572}"
EndProject
Global
	GlobalSection(SolutionConfigurationPlatforms) = preSolution
		Debug|Any CPU = Debug|Any CPU
		Release|Any CPU = Release|Any CPU
	EndGlobalSection
	GlobalSection(ProjectConfigurationPlatforms) = postSolution
		{267F5EAD-84B5-4780-A8F7-68AFDEACE80B}.Debug|Any CPU.ActiveCfg = Debug|Any CPU
		{267F5EAD-84B5-4780-A8F7-68AFDEACE80B}.Debug|Any CPU.Build.0 = Debug|Any CPU
		{267F5EAD-84B5-4780-A8F7-68AFDEACE80B}.Release|Any CPU.ActiveCfg = Release|Any CPU
		{267F5EAD-84B5-4780-A8F7-68AFDEACE80B}.Release|Any CPU.Build.0 = Release|Any CPU
		{9F962392-F05B-4BA7-B7D7-83F239B66572}.Debug|Any CPU.ActiveCfg = Debug|Any CPU
		{9F962392-F05B-4BA7-B7D7-83F239B66572}.Debug|Any CPU.Build.0 = Debug|Any CPU
		{9F962392-F05B-4BA7-B7D7-83F239B66572}.Release|Any CPU.ActiveCfg = Release|Any CPU
		{9F962392-F05B-4BA7-B7D7-83F239B66572}.Release|Any CPU.Build.0 = Release|Any CPU
	EndGlobalSection
	GlobalSection(SolutionProperties) = preSolution
		HideSolutionNode = FALSE
	EndGlobalSection
	GlobalSection(ExtensibilityGlobals) = postSolution
		SolutionGuid = {8B4BF326-6ED5-4E27-9677-4E96C099E3EF}
	EndGlobalSection
EndGlobal
